
Microsoft Visual Studio Solution File, Format Version 12.00
# Visual Studio Version 17
VisualStudioVersion = 17.3.32825.248
MinimumVisualStudioVersion = 10.0.40219.1
Project("{FAE04EC0-301F-11D3-BF4B-00C04F79EFBC}") = "Lab5.4", "Lab5.4\Lab5.4.csproj", "{41022C51-EDE6-488C-B2D8-AAC61B7883B5}"
EndProject
Global
	GlobalSection(SolutionConfigurationPlatforms) = preSolution
		Debug|Any CPU = Debug|Any CPU
		Release|Any CPU = Release|Any CPU
	EndGlobalSection
	GlobalSection(ProjectConfigurationPlatforms) = postSolution
		{41022C51-EDE6-488C-B2D8-AAC61B7883B5}.Debug|Any CPU.ActiveCfg = Debug|Any CPU
		{41022C51-EDE6-488C-B2D8-AAC61B7883B5}.Debug|Any CPU.Build.0 = Debug|Any CPU
		{41022C51-EDE6-488C-B2D8-AAC61B7883B5}.Release|Any CPU.ActiveCfg = Release|Any CPU
		{41022C51-EDE6-488C-B2D8-AAC61B7883B5}.Release|Any CPU.Build.0 = Release|Any CPU
	EndGlobalSection
	GlobalSection(SolutionProperties) = preSolution
		HideSolutionNode = FALSE
	EndGlobalSection
	GlobalSection(ExtensibilityGlobals) = postSolution
		SolutionGuid = {E8FAB781-89EE-4532-88AB-076836D19D00}
	EndGlobalSection
EndGlobal
